
Microsoft Visual Studio Solution File, Format Version 12.00
# Visual Studio Version 17
VisualStudioVersion = 17.3.32901.215
MinimumVisualStudioVersion = 10.0.40219.1
Project("{FAE04EC0-301F-11D3-BF4B-00C04F79EFBC}") = "SiteWeb", "SiteWeb\SiteWeb.csproj", "{ECDB1626-6FB8-4E9E-BCAB-604C0A85DC5D}"
EndProject
Global
	GlobalSection(SolutionConfigurationPlatforms) = preSolution
		Debug|Any CPU = Debug|Any CPU
		Release|Any CPU = Release|Any CPU
	EndGlobalSection
	GlobalSection(ProjectConfigurationPlatforms) = postSolution
		{ECDB1626-6FB8-4E9E-BCAB-604C0A85DC5D}.Debug|Any CPU.ActiveCfg = Debug|Any CPU
		{ECDB1626-6FB8-4E9E-BCAB-604C0A85DC5D}.Debug|Any CPU.Build.0 = Debug|Any CPU
		{ECDB1626-6FB8-4E9E-BCAB-604C0A85DC5D}.Release|Any CPU.ActiveCfg = Release|Any CPU
		{ECDB1626-6FB8-4E9E-BCAB-604C0A85DC5D}.Release|Any CPU.Build.0 = Release|Any CPU
	EndGlobalSection
	GlobalSection(SolutionProperties) = preSolution
		HideSolutionNode = FALSE
	EndGlobalSection
	GlobalSection(ExtensibilityGlobals) = postSolution
		SolutionGuid = {7E38B9CB-C555-488F-9F08-ADD63E46CBF5}
	EndGlobalSection
EndGlobal
